
Microsoft Visual Studio Solution File, Format Version 12.00
Project("{FAE04EC0-301F-11D3-BF4B-00C04F79EFBC}") = "RetailMaster", "RetailMaster\RetailMaster.csproj", "{F25355F9-D59C-4980-8D9E-32418E01B09E}"
EndProject
Project("{FAE04EC0-301F-11D3-BF4B-00C04F79EFBC}") = "WpfClient", "WpfClient\WpfClient.csproj", "{AE3624CA-478E-44EC-A774-F0F1D5AC446D}"
EndProject
Global
	GlobalSection(SolutionConfigurationPlatforms) = preSolution
		Debug|Any CPU = Debug|Any CPU
		Release|Any CPU = Release|Any CPU
	EndGlobalSection
	GlobalSection(ProjectConfigurationPlatforms) = postSolution
		{F25355F9-D59C-4980-8D9E-32418E01B09E}.Debug|Any CPU.ActiveCfg = Debug|Any CPU
		{F25355F9-D59C-4980-8D9E-32418E01B09E}.Debug|Any CPU.Build.0 = Debug|Any CPU
		{F25355F9-D59C-4980-8D9E-32418E01B09E}.Release|Any CPU.ActiveCfg = Release|Any CPU
		{F25355F9-D59C-4980-8D9E-32418E01B09E}.Release|Any CPU.Build.0 = Release|Any CPU
		{AE3624CA-478E-44EC-A774-F0F1D5AC446D}.Debug|Any CPU.ActiveCfg = Debug|Any CPU
		{AE3624CA-478E-44EC-A774-F0F1D5AC446D}.Debug|Any CPU.Build.0 = Debug|Any CPU
		{AE3624CA-478E-44EC-A774-F0F1D5AC446D}.Release|Any CPU.ActiveCfg = Release|Any CPU
		{AE3624CA-478E-44EC-A774-F0F1D5AC446D}.Release|Any CPU.Build.0 = Release|Any CPU
	EndGlobalSection
EndGlobal
